{
  "version": 4,
  "terraform_version": "1.9.6",
  "serial": 4,
  "lineage": "2213de8e-ea8f-4091-42bf-f399999db15c",
  "outputs": {
    "app_service_url": {
      "value": "shop-app-wt2x7h.azurewebsites.net",
      "type": "string"
    }
  },
  "resources": [
    {
      "mode": "data",
      "type": "azurerm_resource_group",
      "name": "example",
      "provider": "provider[\"registry.terraform.io/hashicorp/azurerm\"]",
      "instances": [
        {
          "schema_version": 0,
          "attributes": {
            "id": "/subscriptions/0dd87c83-0f86-4a88-ba31-0c63b7da412b/resourceGroups/MyresourceGroup",
            "location": "francecentral",
            "managed_by": "",
            "name": "MyresourceGroup",
            "tags": {},
            "timeouts": null
          },
          "sensitive_attributes": []
        }
      ]
    },
    {
      "mode": "managed",
      "type": "azurerm_app_service",
      "name": "example",
      "provider": "provider[\"registry.terraform.io/hashicorp/azurerm\"]",
      "instances": [
        {
          "schema_version": 0,
          "attributes": {
            "app_service_plan_id": "/subscriptions/0dd87c83-0f86-4a88-ba31-0c63b7da412b/resourceGroups/MyresourceGroup/providers/Microsoft.Web/serverFarms/shop-app-plan",
            "app_settings": {},
            "auth_settings": [
              {
                "active_directory": [],
                "additional_login_params": {},
                "allowed_external_redirect_urls": [],
                "default_provider": "",
                "enabled": false,
                "facebook": [],
                "google": [],
                "issuer": "",
                "microsoft": [],
                "runtime_version": "",
                "token_refresh_extension_hours": 0,
                "token_store_enabled": false,
                "twitter": [],
                "unauthenticated_client_action": ""
              }
            ],
            "backup": [],
            "client_affinity_enabled": false,
            "client_cert_enabled": false,
            "client_cert_mode": "Required",
            "connection_string": [],
            "custom_domain_verification_id": "151618A8D709E463BF55261A9185F5ACC8F0CC7423B4D1DB5FD52E66FF2AB833",
            "default_site_hostname": "shop-app-wt2x7h.azurewebsites.net",
            "enabled": true,
            "https_only": false,
            "id": "/subscriptions/0dd87c83-0f86-4a88-ba31-0c63b7da412b/resourceGroups/MyresourceGroup/providers/Microsoft.Web/sites/shop-app-wt2x7h",
            "identity": [],
            "key_vault_reference_identity_id": "SystemAssigned",
            "location": "francecentral",
            "logs": [
              {
                "application_logs": [
                  {
                    "azure_blob_storage": [],
                    "file_system_level": "Off"
                  }
                ],
                "detailed_error_messages_enabled": false,
                "failed_request_tracing_enabled": false,
                "http_logs": [
                  {
                    "azure_blob_storage": [],
                    "file_system": []
                  }
                ]
              }
            ],
            "name": "shop-app-wt2x7h",
            "outbound_ip_address_list": [
              "20.74.98.94",
              "20.74.99.185",
              "20.74.103.51",
              "20.199.57.213",
              "20.199.58.89",
              "20.199.58.126",
              "20.111.1.11"
            ],
            "outbound_ip_addresses": "20.74.98.94,20.74.99.185,20.74.103.51,20.199.57.213,20.199.58.89,20.199.58.126,20.111.1.11",
            "possible_outbound_ip_address_list": [
              "20.74.98.94",
              "20.74.99.185",
              "20.74.103.51",
              "20.199.57.213",
              "20.199.58.89",
              "20.199.58.126",
              "20.199.57.232",
              "20.199.58.168",
              "20.199.59.28",
              "20.199.59.61",
              "20.199.58.59",
              "20.199.59.119",
              "20.199.59.143",
              "20.199.59.181",
              "20.199.59.213",
              "20.199.59.232",
              "20.199.60.91",
              "20.199.60.96",
              "51.138.218.218",
              "20.74.100.242",
              "20.199.60.102",
              "20.199.59.124",
              "20.199.59.252",
              "20.199.59.125",
              "20.111.1.11"
            ],
            "possible_outbound_ip_addresses": "20.74.98.94,20.74.99.185,20.74.103.51,20.199.57.213,20.199.58.89,20.199.58.126,20.199.57.232,20.199.58.168,20.199.59.28,20.199.59.61,20.199.58.59,20.199.59.119,20.199.59.143,20.199.59.181,20.199.59.213,20.199.59.232,20.199.60.91,20.199.60.96,51.138.218.218,20.74.100.242,20.199.60.102,20.199.59.124,20.199.59.252,20.199.59.125,20.111.1.11",
            "resource_group_name": "MyresourceGroup",
            "site_config": [
              {
                "acr_use_managed_identity_credentials": false,
                "acr_user_managed_identity_client_id": "",
                "always_on": false,
                "app_command_line": "",
                "auto_swap_slot_name": "",
                "cors": [],
                "default_documents": [
                  "Default.htm",
                  "Default.html",
                  "Default.asp",
                  "index.htm",
                  "index.html",
                  "iisstart.htm",
                  "default.aspx",
                  "index.php",
                  "hostingstart.html"
                ],
                "dotnet_framework_version": "v4.0",
                "ftps_state": "FtpsOnly",
                "health_check_path": "",
                "http2_enabled": false,
                "ip_restriction": [],
                "java_container": "",
                "java_container_version": "",
                "java_version": "",
                "linux_fx_version": "",
                "local_mysql_enabled": false,
                "managed_pipeline_mode": "Integrated",
                "min_tls_version": "1.2",
                "number_of_workers": 1,
                "php_version": "",
                "python_version": "",
                "remote_debugging_enabled": false,
                "remote_debugging_version": "",
                "scm_ip_restriction": [],
                "scm_type": "None",
                "scm_use_main_ip_restriction": false,
                "use_32_bit_worker_process": true,
                "vnet_route_all_enabled": false,
                "websockets_enabled": false,
                "windows_fx_version": ""
              }
            ],
            "site_credential": [
              {
                "password": "6vFRZhc2tSZkTmoroFWdrRdo9ZEmNlxDnqmcYSZjaYSFpc7rjMzR7LZetSP8",
                "username": "$shop-app-wt2x7h"
              }
            ],
            "source_control": [
              {
                "branch": "main",
                "manual_integration": false,
                "repo_url": "",
                "rollback_enabled": false,
                "use_mercurial": false
              }
            ],
            "storage_account": [],
            "tags": null,
            "timeouts": null
          },
          "sensitive_attributes": [],
          "private": "eyJlMmJmYjczMC1lY2FhLTExZTYtOGY4OC0zNDM2M2JjN2M0YzAiOnsiY3JlYXRlIjoxODAwMDAwMDAwMDAwLCJkZWxldGUiOjE4MDAwMDAwMDAwMDAsInJlYWQiOjMwMDAwMDAwMDAwMCwidXBkYXRlIjoxODAwMDAwMDAwMDAwfX0=",
          "dependencies": [
            "azurerm_service_plan.example",
            "data.azurerm_resource_group.example",
            "random_string.suffix"
          ]
        }
      ]
    },
    {
      "mode": "managed",
      "type": "azurerm_service_plan",
      "name": "example",
      "provider": "provider[\"registry.terraform.io/hashicorp/azurerm\"]",
      "instances": [
        {
          "schema_version": 1,
          "attributes": {
            "app_service_environment_id": "",
            "id": "/subscriptions/0dd87c83-0f86-4a88-ba31-0c63b7da412b/resourceGroups/MyresourceGroup/providers/Microsoft.Web/serverFarms/shop-app-plan",
            "kind": "linux",
            "location": "francecentral",
            "maximum_elastic_worker_count": 1,
            "name": "shop-app-plan",
            "os_type": "Linux",
            "per_site_scaling_enabled": false,
            "reserved": true,
            "resource_group_name": "MyresourceGroup",
            "sku_name": "B1",
            "tags": {},
            "timeouts": null,
            "worker_count": 1,
            "zone_balancing_enabled": false
          },
          "sensitive_attributes": [],
          "private": "eyJlMmJmYjczMC1lY2FhLTExZTYtOGY4OC0zNDM2M2JjN2M0YzAiOnsiY3JlYXRlIjozNjAwMDAwMDAwMDAwLCJkZWxldGUiOjM2MDAwMDAwMDAwMDAsInJlYWQiOjMwMDAwMDAwMDAwMCwidXBkYXRlIjozNjAwMDAwMDAwMDAwfSwic2NoZW1hX3ZlcnNpb24iOiIxIn0=",
          "dependencies": [
            "data.azurerm_resource_group.example"
          ]
        }
      ]
    },
    {
      "mode": "managed",
      "type": "random_string",
      "name": "suffix",
      "provider": "provider[\"registry.terraform.io/hashicorp/random\"]",
      "instances": [
        {
          "schema_version": 2,
          "attributes": {
            "id": "wt2x7h",
            "keepers": null,
            "length": 6,
            "lower": true,
            "min_lower": 0,
            "min_numeric": 0,
            "min_special": 0,
            "min_upper": 0,
            "number": true,
            "numeric": true,
            "override_special": null,
            "result": "wt2x7h",
            "special": false,
            "upper": false
          },
          "sensitive_attributes": []
        }
      ]
    }
  ],
  "check_results": null
}
